
Microsoft Visual Studio Solution File, Format Version 12.00
# Visual Studio Version 17
VisualStudioVersion = 17.14.36408.4 d17.14
MinimumVisualStudioVersion = 10.0.40219.1
Project("{FAE04EC0-301F-11D3-BF4B-00C04F79EFBC}") = "NetworkAnalyzer", "NetworkAnalyzer\NetworkAnalyzer.csproj", "{F753960E-7C8D-4955-8ED3-2C1F17CF108F}"
EndProject
Project("{FAE04EC0-301F-11D3-BF4B-00C04F79EFBC}") = "Test", "Test\Test.csproj", "{6426EBBB-7304-4A8A-A254-14993F2A4B9D}"
EndProject
Project("{2150E333-8FDC-42A3-9474-1A3956D46DE8}") = "github", "github", "{02EA681E-C7D8-13C7-8484-4AC65E1B71E8}"
EndProject
Project("{2150E333-8FDC-42A3-9474-1A3956D46DE8}") = "workflows", "workflows", "{1F2E1F18-7950-4B9E-9A6D-7C823FB4D7D9}"
	ProjectSection(SolutionItems) = preProject
		ci.yml = ci.yml
	EndProjectSection
EndProject
Global
	GlobalSection(SolutionConfigurationPlatforms) = preSolution
		Debug|Any CPU = Debug|Any CPU
		Release|Any CPU = Release|Any CPU
	EndGlobalSection
	GlobalSection(ProjectConfigurationPlatforms) = postSolution
		{F753960E-7C8D-4955-8ED3-2C1F17CF108F}.Debug|Any CPU.ActiveCfg = Debug|Any CPU
		{F753960E-7C8D-4955-8ED3-2C1F17CF108F}.Debug|Any CPU.Build.0 = Debug|Any CPU
		{F753960E-7C8D-4955-8ED3-2C1F17CF108F}.Release|Any CPU.ActiveCfg = Release|Any CPU
		{F753960E-7C8D-4955-8ED3-2C1F17CF108F}.Release|Any CPU.Build.0 = Release|Any CPU
		{6426EBBB-7304-4A8A-A254-14993F2A4B9D}.Debug|Any CPU.ActiveCfg = Debug|Any CPU
		{6426EBBB-7304-4A8A-A254-14993F2A4B9D}.Debug|Any CPU.Build.0 = Debug|Any CPU
		{6426EBBB-7304-4A8A-A254-14993F2A4B9D}.Release|Any CPU.ActiveCfg = Release|Any CPU
		{6426EBBB-7304-4A8A-A254-14993F2A4B9D}.Release|Any CPU.Build.0 = Release|Any CPU
	EndGlobalSection
	GlobalSection(SolutionProperties) = preSolution
		HideSolutionNode = FALSE
	EndGlobalSection
	GlobalSection(NestedProjects) = preSolution
		{1F2E1F18-7950-4B9E-9A6D-7C823FB4D7D9} = {02EA681E-C7D8-13C7-8484-4AC65E1B71E8}
	EndGlobalSection
	GlobalSection(ExtensibilityGlobals) = postSolution
		SolutionGuid = {43AEBEE0-E03B-467C-8F58-B9D028F380CE}
	EndGlobalSection
EndGlobal
